
Microsoft Visual Studio Solution File, Format Version 12.00
# Visual Studio Version 16
VisualStudioVersion = 16.0.29613.14
MinimumVisualStudioVersion = 10.0.40219.1
Project("{9A19103F-16F7-4668-BE54-9A1E7A4F7556}") = "Messaging.Api", "src\Messaging.Api\Messaging.Api.csproj", "{0310D112-6C82-493C-821E-A92CE3162D33}"
EndProject
Project("{9A19103F-16F7-4668-BE54-9A1E7A4F7556}") = "Messaging.Application", "src\Messaging.Application\Messaging.Application.csproj", "{9B81AB97-4320-4C37-9B98-7EFA44A1F4E1}"
EndProject
Project("{9A19103F-16F7-4668-BE54-9A1E7A4F7556}") = "Messaging.Domain", "src\Messaging.Domain\Messaging.Domain.csproj", "{CFC8C0D7-F9B3-4440-8824-27DC54D84A98}"
EndProject
Project("{9A19103F-16F7-4668-BE54-9A1E7A4F7556}") = "Messaging.Infrastructure", "src\Messaging.Infrastructure\Messaging.Infrastructure.csproj", "{8EF57E51-26AB-47BD-88AE-3EFBE5C8A480}"
EndProject
Project("{E53339B2-1760-4266-BCC7-CA923CBCF16C}") = "docker-compose", "docker-compose.dcproj", "{711EB8FA-C93D-4F6C-A149-0C0737FF75BC}"
EndProject
Project("{FAE04EC0-301F-11D3-BF4B-00C04F79EFBC}") = "Messaging.Domain.UnitTests", "src\Messaging.Domain.UnitTests\Messaging.Domain.UnitTests.csproj", "{A65408A4-8B97-41A6-BB4D-A0226191D16C}"
EndProject
Global
	GlobalSection(SolutionConfigurationPlatforms) = preSolution
		Debug|Any CPU = Debug|Any CPU
		Release|Any CPU = Release|Any CPU
	EndGlobalSection
	GlobalSection(ProjectConfigurationPlatforms) = postSolution
		{0310D112-6C82-493C-821E-A92CE3162D33}.Debug|Any CPU.ActiveCfg = Debug|Any CPU
		{0310D112-6C82-493C-821E-A92CE3162D33}.Debug|Any CPU.Build.0 = Debug|Any CPU
		{0310D112-6C82-493C-821E-A92CE3162D33}.Release|Any CPU.ActiveCfg = Release|Any CPU
		{0310D112-6C82-493C-821E-A92CE3162D33}.Release|Any CPU.Build.0 = Release|Any CPU
		{9B81AB97-4320-4C37-9B98-7EFA44A1F4E1}.Debug|Any CPU.ActiveCfg = Debug|Any CPU
		{9B81AB97-4320-4C37-9B98-7EFA44A1F4E1}.Debug|Any CPU.Build.0 = Debug|Any CPU
		{9B81AB97-4320-4C37-9B98-7EFA44A1F4E1}.Release|Any CPU.ActiveCfg = Release|Any CPU
		{9B81AB97-4320-4C37-9B98-7EFA44A1F4E1}.Release|Any CPU.Build.0 = Release|Any CPU
		{CFC8C0D7-F9B3-4440-8824-27DC54D84A98}.Debug|Any CPU.ActiveCfg = Debug|Any CPU
		{CFC8C0D7-F9B3-4440-8824-27DC54D84A98}.Debug|Any CPU.Build.0 = Debug|Any CPU
		{CFC8C0D7-F9B3-4440-8824-27DC54D84A98}.Release|Any CPU.ActiveCfg = Release|Any CPU
		{CFC8C0D7-F9B3-4440-8824-27DC54D84A98}.Release|Any CPU.Build.0 = Release|Any CPU
		{8EF57E51-26AB-47BD-88AE-3EFBE5C8A480}.Debug|Any CPU.ActiveCfg = Debug|Any CPU
		{8EF57E51-26AB-47BD-88AE-3EFBE5C8A480}.Debug|Any CPU.Build.0 = Debug|Any CPU
		{8EF57E51-26AB-47BD-88AE-3EFBE5C8A480}.Release|Any CPU.ActiveCfg = Release|Any CPU
		{8EF57E51-26AB-47BD-88AE-3EFBE5C8A480}.Release|Any CPU.Build.0 = Release|Any CPU
		{711EB8FA-C93D-4F6C-A149-0C0737FF75BC}.Debug|Any CPU.ActiveCfg = Debug|Any CPU
		{711EB8FA-C93D-4F6C-A149-0C0737FF75BC}.Debug|Any CPU.Build.0 = Debug|Any CPU
		{711EB8FA-C93D-4F6C-A149-0C0737FF75BC}.Release|Any CPU.ActiveCfg = Release|Any CPU
		{711EB8FA-C93D-4F6C-A149-0C0737FF75BC}.Release|Any CPU.Build.0 = Release|Any CPU
		{A65408A4-8B97-41A6-BB4D-A0226191D16C}.Debug|Any CPU.ActiveCfg = Debug|Any CPU
		{A65408A4-8B97-41A6-BB4D-A0226191D16C}.Debug|Any CPU.Build.0 = Debug|Any CPU
		{A65408A4-8B97-41A6-BB4D-A0226191D16C}.Release|Any CPU.ActiveCfg = Release|Any CPU
		{A65408A4-8B97-41A6-BB4D-A0226191D16C}.Release|Any CPU.Build.0 = Release|Any CPU
	EndGlobalSection
	GlobalSection(SolutionProperties) = preSolution
		HideSolutionNode = FALSE
	EndGlobalSection
	GlobalSection(ExtensibilityGlobals) = postSolution
		SolutionGuid = {1ADCC0F6-666C-4464-943B-7A518D649097}
	EndGlobalSection
EndGlobal
